// !$*UTF8*$!
{
	archiveVersion = 1;
	classes = {
	};
	objectVersion = 56;
	objects = {

/* Begin PBXBuildFile section */
		2492CC2D36DE2557DD88AD46 /* Pods_Drinkz.framework in Frameworks */ = {isa = PBXBuildFile; fileRef = BA7AC06E5F154D2562056FD7 /* Pods_Drinkz.framework */; };
		650A86AF299ADE6E0026DA07 /* SelectedPopularCoctailVC.swift in Sources */ = {isa = PBXBuildFile; fileRef = 650A86AE299ADE6E0026DA07 /* SelectedPopularCoctailVC.swift */; };
		652889A829CB88D8007EFE89 /* NetworkManager.swift in Sources */ = {isa = PBXBuildFile; fileRef = 652889A729CB88D8007EFE89 /* NetworkManager.swift */; };
		6538E69329C1F0670047CD12 /* FavoritesViewController.swift in Sources */ = {isa = PBXBuildFile; fileRef = 6538E69229C1F0670047CD12 /* FavoritesViewController.swift */; };
		6578F46929B25E20005DF427 /* SearchCoctailByNameTableViewCell.swift in Sources */ = {isa = PBXBuildFile; fileRef = 6578F46829B25E20005DF427 /* SearchCoctailByNameTableViewCell.swift */; };
		6578F46D29B25EC9005DF427 /* SearchCocktailByNameTableViewController.swift in Sources */ = {isa = PBXBuildFile; fileRef = 6578F46C29B25EC9005DF427 /* SearchCocktailByNameTableViewController.swift */; };
		6584675529B8B1E400754914 /* IngredientVCTableViewController.swift in Sources */ = {isa = PBXBuildFile; fileRef = 6584675429B8B1E400754914 /* IngredientVCTableViewController.swift */; };
		6584675929B8BF0D00754914 /* DetailIngredientViewController.swift in Sources */ = {isa = PBXBuildFile; fileRef = 6584675829B8BF0D00754914 /* DetailIngredientViewController.swift */; };
		6594AC9829A011CD00101756 /* CocktailsStructures.swift in Sources */ = {isa = PBXBuildFile; fileRef = 6594AC9729A011CD00101756 /* CocktailsStructures.swift */; };
		6594DF9A2996DE76005D0395 /* AppDelegate.swift in Sources */ = {isa = PBXBuildFile; fileRef = 6594DF992996DE76005D0395 /* AppDelegate.swift */; };
		6594DF9C2996DE76005D0395 /* SceneDelegate.swift in Sources */ = {isa = PBXBuildFile; fileRef = 6594DF9B2996DE76005D0395 /* SceneDelegate.swift */; };
		6594DFA12996DE76005D0395 /* Main.storyboard in Resources */ = {isa = PBXBuildFile; fileRef = 6594DF9F2996DE76005D0395 /* Main.storyboard */; };
		6594DFA32996DE77005D0395 /* Assets.xcassets in Resources */ = {isa = PBXBuildFile; fileRef = 6594DFA22996DE77005D0395 /* Assets.xcassets */; };
		6594DFA62996DE77005D0395 /* LaunchScreen.storyboard in Resources */ = {isa = PBXBuildFile; fileRef = 6594DFA42996DE77005D0395 /* LaunchScreen.storyboard */; };
		6594DFB02996E602005D0395 /* HomeVC.swift in Sources */ = {isa = PBXBuildFile; fileRef = 6594DFAF2996E602005D0395 /* HomeVC.swift */; };
		6594DFB22996E633005D0395 /* CoctailsVC.swift in Sources */ = {isa = PBXBuildFile; fileRef = 6594DFB12996E633005D0395 /* CoctailsVC.swift */; };
		65A837A429AD57F000F6FBFF /* SearchByIngredientsTableViewController.swift in Sources */ = {isa = PBXBuildFile; fileRef = 65A837A329AD57F000F6FBFF /* SearchByIngredientsTableViewController.swift */; };
		65A837A729AD58E800F6FBFF /* SearchByIngredientsTableViewCell.swift in Sources */ = {isa = PBXBuildFile; fileRef = 65A837A529AD58E800F6FBFF /* SearchByIngredientsTableViewCell.swift */; };
		65A837AA29AD5DE100F6FBFF /* IngredientsForSearch.swift in Sources */ = {isa = PBXBuildFile; fileRef = 65A837A929AD5DE100F6FBFF /* IngredientsForSearch.swift */; };
		65A837B229AD629D00F6FBFF /* IngredientsCoctailsListViewController.swift in Sources */ = {isa = PBXBuildFile; fileRef = 65A837B129AD629D00F6FBFF /* IngredientsCoctailsListViewController.swift */; };
		65B26C40299A9FAD00DCDFF6 /* PopularCoctailsCollectionViewCell.swift in Sources */ = {isa = PBXBuildFile; fileRef = 65B26C3E299A9FAD00DCDFF6 /* PopularCoctailsCollectionViewCell.swift */; };
		65CA131F29B7699A0079DD1A /* LatestCocktailsViewController.swift in Sources */ = {isa = PBXBuildFile; fileRef = 65CA131E29B7699A0079DD1A /* LatestCocktailsViewController.swift */; };
/* End PBXBuildFile section */

/* Begin PBXFileReference section */
		2EDBC3D18674D3BA0ABF6009 /* Pods-Drinkz.debug.xcconfig */ = {isa = PBXFileReference; includeInIndex = 1; lastKnownFileType = text.xcconfig; name = "Pods-Drinkz.debug.xcconfig"; path = "Target Support Files/Pods-Drinkz/Pods-Drinkz.debug.xcconfig"; sourceTree = "<group>"; };
		650A86AE299ADE6E0026DA07 /* SelectedPopularCoctailVC.swift */ = {isa = PBXFileReference; lastKnownFileType = sourcecode.swift; path = SelectedPopularCoctailVC.swift; sourceTree = "<group>"; };
		652889A729CB88D8007EFE89 /* NetworkManager.swift */ = {isa = PBXFileReference; lastKnownFileType = sourcecode.swift; path = NetworkManager.swift; sourceTree = "<group>"; };
		6538E69229C1F0670047CD12 /* FavoritesViewController.swift */ = {isa = PBXFileReference; lastKnownFileType = sourcecode.swift; path = FavoritesViewController.swift; sourceTree = "<group>"; };
		6578F46829B25E20005DF427 /* SearchCoctailByNameTableViewCell.swift */ = {isa = PBXFileReference; lastKnownFileType = sourcecode.swift; path = SearchCoctailByNameTableViewCell.swift; sourceTree = "<group>"; };
		6578F46C29B25EC9005DF427 /* SearchCocktailByNameTableViewController.swift */ = {isa = PBXFileReference; lastKnownFileType = sourcecode.swift; path = SearchCocktailByNameTableViewController.swift; sourceTree = "<group>"; };
		6584675429B8B1E400754914 /* IngredientVCTableViewController.swift */ = {isa = PBXFileReference; lastKnownFileType = sourcecode.swift; path = IngredientVCTableViewController.swift; sourceTree = "<group>"; };
		6584675829B8BF0D00754914 /* DetailIngredientViewController.swift */ = {isa = PBXFileReference; lastKnownFileType = sourcecode.swift; path = DetailIngredientViewController.swift; sourceTree = "<group>"; };
		6594AC9729A011CD00101756 /* CocktailsStructures.swift */ = {isa = PBXFileReference; lastKnownFileType = sourcecode.swift; path = CocktailsStructures.swift; sourceTree = "<group>"; };
		6594DF962996DE76005D0395 /* Drinkz.app */ = {isa = PBXFileReference; explicitFileType = wrapper.application; includeInIndex = 0; path = Drinkz.app; sourceTree = BUILT_PRODUCTS_DIR; };
		6594DF992996DE76005D0395 /* AppDelegate.swift */ = {isa = PBXFileReference; lastKnownFileType = sourcecode.swift; path = AppDelegate.swift; sourceTree = "<group>"; };
		6594DF9B2996DE76005D0395 /* SceneDelegate.swift */ = {isa = PBXFileReference; lastKnownFileType = sourcecode.swift; path = SceneDelegate.swift; sourceTree = "<group>"; };
		6594DFA02996DE76005D0395 /* Base */ = {isa = PBXFileReference; lastKnownFileType = file.storyboard; name = Base; path = Base.lproj/Main.storyboard; sourceTree = "<group>"; };
		6594DFA22996DE77005D0395 /* Assets.xcassets */ = {isa = PBXFileReference; lastKnownFileType = folder.assetcatalog; path = Assets.xcassets; sourceTree = "<group>"; };
		6594DFA52996DE77005D0395 /* Base */ = {isa = PBXFileReference; lastKnownFileType = file.storyboard; name = Base; path = Base.lproj/LaunchScreen.storyboard; sourceTree = "<group>"; };
		6594DFA72996DE77005D0395 /* Info.plist */ = {isa = PBXFileReference; lastKnownFileType = text.plist.xml; path = Info.plist; sourceTree = "<group>"; };
		6594DFAF2996E602005D0395 /* HomeVC.swift */ = {isa = PBXFileReference; lastKnownFileType = sourcecode.swift; path = HomeVC.swift; sourceTree = "<group>"; };
		6594DFB12996E633005D0395 /* CoctailsVC.swift */ = {isa = PBXFileReference; lastKnownFileType = sourcecode.swift; path = CoctailsVC.swift; sourceTree = "<group>"; };
		65A837A329AD57F000F6FBFF /* SearchByIngredientsTableViewController.swift */ = {isa = PBXFileReference; lastKnownFileType = sourcecode.swift; path = SearchByIngredientsTableViewController.swift; sourceTree = "<group>"; };
		65A837A529AD58E800F6FBFF /* SearchByIngredientsTableViewCell.swift */ = {isa = PBXFileReference; lastKnownFileType = sourcecode.swift; path = SearchByIngredientsTableViewCell.swift; sourceTree = "<group>"; };
		65A837A929AD5DE100F6FBFF /* IngredientsForSearch.swift */ = {isa = PBXFileReference; lastKnownFileType = sourcecode.swift; path = IngredientsForSearch.swift; sourceTree = "<group>"; };
		65A837B129AD629D00F6FBFF /* IngredientsCoctailsListViewController.swift */ = {isa = PBXFileReference; lastKnownFileType = sourcecode.swift; path = IngredientsCoctailsListViewController.swift; sourceTree = "<group>"; };
		65B26C3E299A9FAD00DCDFF6 /* PopularCoctailsCollectionViewCell.swift */ = {isa = PBXFileReference; lastKnownFileType = sourcecode.swift; path = PopularCoctailsCollectionViewCell.swift; sourceTree = "<group>"; };
		65CA131E29B7699A0079DD1A /* LatestCocktailsViewController.swift */ = {isa = PBXFileReference; lastKnownFileType = sourcecode.swift; path = LatestCocktailsViewController.swift; sourceTree = "<group>"; };
		8E999FFC9D4210FBCCB26E6E /* Pods-Drinkz.release.xcconfig */ = {isa = PBXFileReference; includeInIndex = 1; lastKnownFileType = text.xcconfig; name = "Pods-Drinkz.release.xcconfig"; path = "Target Support Files/Pods-Drinkz/Pods-Drinkz.release.xcconfig"; sourceTree = "<group>"; };
		BA7AC06E5F154D2562056FD7 /* Pods_Drinkz.framework */ = {isa = PBXFileReference; explicitFileType = wrapper.framework; includeInIndex = 0; path = Pods_Drinkz.framework; sourceTree = BUILT_PRODUCTS_DIR; };
/* End PBXFileReference section */

/* Begin PBXFrameworksBuildPhase section */
		6594DF932996DE76005D0395 /* Frameworks */ = {
			isa = PBXFrameworksBuildPhase;
			buildActionMask = 2147483647;
			files = (
				2492CC2D36DE2557DD88AD46 /* Pods_Drinkz.framework in Frameworks */,
			);
			runOnlyForDeploymentPostprocessing = 0;
		};
/* End PBXFrameworksBuildPhase section */

/* Begin PBXGroup section */
		233F650D05E19BFCF51DC2B5 /* Frameworks */ = {
			isa = PBXGroup;
			children = (
				BA7AC06E5F154D2562056FD7 /* Pods_Drinkz.framework */,
			);
			name = Frameworks;
			sourceTree = "<group>";
		};
		649BDB7F1CB65EE11199B046 /* Pods */ = {
			isa = PBXGroup;
			children = (
				2EDBC3D18674D3BA0ABF6009 /* Pods-Drinkz.debug.xcconfig */,
				8E999FFC9D4210FBCCB26E6E /* Pods-Drinkz.release.xcconfig */,
			);
			path = Pods;
			sourceTree = "<group>";
		};
		652889A629CB88BB007EFE89 /* Manager */ = {
			isa = PBXGroup;
			children = (
				652889A729CB88D8007EFE89 /* NetworkManager.swift */,
			);
			path = Manager;
			sourceTree = "<group>";
		};
		6538E69129C1F0400047CD12 /* Favorites */ = {
			isa = PBXGroup;
			children = (
				6538E69229C1F0670047CD12 /* FavoritesViewController.swift */,
			);
			path = Favorites;
			sourceTree = "<group>";
		};
		6578F46A29B25E55005DF427 /* SearchCocktailByIngredient */ = {
			isa = PBXGroup;
			children = (
				65A837A329AD57F000F6FBFF /* SearchByIngredientsTableViewController.swift */,
				65A837B129AD629D00F6FBFF /* IngredientsCoctailsListViewController.swift */,
				65A837A529AD58E800F6FBFF /* SearchByIngredientsTableViewCell.swift */,
			);
			path = SearchCocktailByIngredient;
			sourceTree = "<group>";
		};
		6578F46B29B25E6A005DF427 /* SearchCocktailByName */ = {
			isa = PBXGroup;
			children = (
				6578F46C29B25EC9005DF427 /* SearchCocktailByNameTableViewController.swift */,
				6578F46829B25E20005DF427 /* SearchCoctailByNameTableViewCell.swift */,
			);
			path = SearchCocktailByName;
			sourceTree = "<group>";
		};
		6594DF8D2996DE76005D0395 = {
			isa = PBXGroup;
			children = (
				6594DF982996DE76005D0395 /* Drinkz */,
				6594DF972996DE76005D0395 /* Products */,
				649BDB7F1CB65EE11199B046 /* Pods */,
				233F650D05E19BFCF51DC2B5 /* Frameworks */,
			);
			sourceTree = "<group>";
		};
		6594DF972996DE76005D0395 /* Products */ = {
			isa = PBXGroup;
			children = (
				6594DF962996DE76005D0395 /* Drinkz.app */,
			);
			name = Products;
			sourceTree = "<group>";
		};
		6594DF982996DE76005D0395 /* Drinkz */ = {
			isa = PBXGroup;
			children = (
				6594DF992996DE76005D0395 /* AppDelegate.swift */,
				6594DF9B2996DE76005D0395 /* SceneDelegate.swift */,
				6594DF9F2996DE76005D0395 /* Main.storyboard */,
				65A837AD29AD611200F6FBFF /* home */,
				65A837AF29AD614900F6FBFF /* coctail */,
				65A837B029AD616200F6FBFF /* ingredients */,
				6538E69129C1F0400047CD12 /* Favorites */,
				65A837AC29AD60EF00F6FBFF /* structures */,
				652889A629CB88BB007EFE89 /* Manager */,
				6594DFA22996DE77005D0395 /* Assets.xcassets */,
				6594DFA42996DE77005D0395 /* LaunchScreen.storyboard */,
				6594DFA72996DE77005D0395 /* Info.plist */,
			);
			path = Drinkz;
			sourceTree = "<group>";
		};
		65A837AC29AD60EF00F6FBFF /* structures */ = {
			isa = PBXGroup;
			children = (
				6594AC9729A011CD00101756 /* CocktailsStructures.swift */,
				65A837A929AD5DE100F6FBFF /* IngredientsForSearch.swift */,
			);
			path = structures;
			sourceTree = "<group>";
		};
		65A837AD29AD611200F6FBFF /* home */ = {
			isa = PBXGroup;
			children = (
				6594DFAF2996E602005D0395 /* HomeVC.swift */,
				650A86AE299ADE6E0026DA07 /* SelectedPopularCoctailVC.swift */,
				65B26C3E299A9FAD00DCDFF6 /* PopularCoctailsCollectionViewCell.swift */,
			);
			path = home;
			sourceTree = "<group>";
		};
		65A837AF29AD614900F6FBFF /* coctail */ = {
			isa = PBXGroup;
			children = (
				6594DFB12996E633005D0395 /* CoctailsVC.swift */,
				6578F46A29B25E55005DF427 /* SearchCocktailByIngredient */,
				6578F46B29B25E6A005DF427 /* SearchCocktailByName */,
				65CA131D29B769570079DD1A /* LatestCoctails */,
			);
			path = coctail;
			sourceTree = "<group>";
		};
		65A837B029AD616200F6FBFF /* ingredients */ = {
			isa = PBXGroup;
			children = (
				6584675429B8B1E400754914 /* IngredientVCTableViewController.swift */,
				6584675829B8BF0D00754914 /* DetailIngredientViewController.swift */,
			);
			path = ingredients;
			sourceTree = "<group>";
		};
		65CA131D29B769570079DD1A /* LatestCoctails */ = {
			isa = PBXGroup;
			children = (
				65CA131E29B7699A0079DD1A /* LatestCocktailsViewController.swift */,
			);
			path = LatestCoctails;
			sourceTree = "<group>";
		};
/* End PBXGroup section */

/* Begin PBXNativeTarget section */
		6594DF952996DE76005D0395 /* Drinkz */ = {
			isa = PBXNativeTarget;
			buildConfigurationList = 6594DFAA2996DE77005D0395 /* Build configuration list for PBXNativeTarget "Drinkz" */;
			buildPhases = (
				10A0C35CA6447201BC6C5409 /* [CP] Check Pods Manifest.lock */,
				6594DF922996DE76005D0395 /* Sources */,
				6594DF932996DE76005D0395 /* Frameworks */,
				6594DF942996DE76005D0395 /* Resources */,
				5EEC78F5D6FAB8611F67FDFB /* [CP] Embed Pods Frameworks */,
			);
			buildRules = (
			);
			dependencies = (
			);
			name = Drinkz;
			productName = Drinkz;
			productReference = 6594DF962996DE76005D0395 /* Drinkz.app */;
			productType = "com.apple.product-type.application";
		};
/* End PBXNativeTarget section */

/* Begin PBXProject section */
		6594DF8E2996DE76005D0395 /* Project object */ = {
			isa = PBXProject;
			attributes = {
				BuildIndependentTargetsInParallel = 1;
				LastSwiftUpdateCheck = 1420;
				LastUpgradeCheck = 1420;
				TargetAttributes = {
					6594DF952996DE76005D0395 = {
						CreatedOnToolsVersion = 14.2;
					};
				};
			};
			buildConfigurationList = 6594DF912996DE76005D0395 /* Build configuration list for PBXProject "Drinkz" */;
			compatibilityVersion = "Xcode 14.0";
			developmentRegion = en;
			hasScannedForEncodings = 0;
			knownRegions = (
				en,
				Base,
			);
			mainGroup = 6594DF8D2996DE76005D0395;
			productRefGroup = 6594DF972996DE76005D0395 /* Products */;
			projectDirPath = "";
			projectRoot = "";
			targets = (
				6594DF952996DE76005D0395 /* Drinkz */,
			);
		};
/* End PBXProject section */

/* Begin PBXResourcesBuildPhase section */
		6594DF942996DE76005D0395 /* Resources */ = {
			isa = PBXResourcesBuildPhase;
			buildActionMask = 2147483647;
			files = (
				6594DFA62996DE77005D0395 /* LaunchScreen.storyboard in Resources */,
				6594DFA32996DE77005D0395 /* Assets.xcassets in Resources */,
				6594DFA12996DE76005D0395 /* Main.storyboard in Resources */,
			);
			runOnlyForDeploymentPostprocessing = 0;
		};
/* End PBXResourcesBuildPhase section */

/* Begin PBXShellScriptBuildPhase section */
		10A0C35CA6447201BC6C5409 /* [CP] Check Pods Manifest.lock */ = {
			isa = PBXShellScriptBuildPhase;
			buildActionMask = 2147483647;
			files = (
			);
			inputFileListPaths = (
			);
			inputPaths = (
				"${PODS_PODFILE_DIR_PATH}/Podfile.lock",
				"${PODS_ROOT}/Manifest.lock",
			);
			name = "[CP] Check Pods Manifest.lock";
			outputFileListPaths = (
			);
			outputPaths = (
				"$(DERIVED_FILE_DIR)/Pods-Drinkz-checkManifestLockResult.txt",
			);
			runOnlyForDeploymentPostprocessing = 0;
			shellPath = /bin/sh;
			shellScript = "diff \"${PODS_PODFILE_DIR_PATH}/Podfile.lock\" \"${PODS_ROOT}/Manifest.lock\" > /dev/null\nif [ $? != 0 ] ; then\n    # print error to STDERR\n    echo \"error: The sandbox is not in sync with the Podfile.lock. Run 'pod install' or update your CocoaPods installation.\" >&2\n    exit 1\nfi\n# This output is used by Xcode 'outputs' to avoid re-running this script phase.\necho \"SUCCESS\" > \"${SCRIPT_OUTPUT_FILE_0}\"\n";
			showEnvVarsInLog = 0;
		};
		5EEC78F5D6FAB8611F67FDFB /* [CP] Embed Pods Frameworks */ = {
			isa = PBXShellScriptBuildPhase;
			buildActionMask = 2147483647;
			files = (
			);
			inputFileListPaths = (
				"${PODS_ROOT}/Target Support Files/Pods-Drinkz/Pods-Drinkz-frameworks-${CONFIGURATION}-input-files.xcfilelist",
			);
			name = "[CP] Embed Pods Frameworks";
			outputFileListPaths = (
				"${PODS_ROOT}/Target Support Files/Pods-Drinkz/Pods-Drinkz-frameworks-${CONFIGURATION}-output-files.xcfilelist",
			);
			runOnlyForDeploymentPostprocessing = 0;
			shellPath = /bin/sh;
			shellScript = "\"${PODS_ROOT}/Target Support Files/Pods-Drinkz/Pods-Drinkz-frameworks.sh\"\n";
			showEnvVarsInLog = 0;
		};
/* End PBXShellScriptBuildPhase section */

/* Begin PBXSourcesBuildPhase section */
		6594DF922996DE76005D0395 /* Sources */ = {
			isa = PBXSourcesBuildPhase;
			buildActionMask = 2147483647;
			files = (
				652889A829CB88D8007EFE89 /* NetworkManager.swift in Sources */,
				65A837A729AD58E800F6FBFF /* SearchByIngredientsTableViewCell.swift in Sources */,
				65CA131F29B7699A0079DD1A /* LatestCocktailsViewController.swift in Sources */,
				6584675929B8BF0D00754914 /* DetailIngredientViewController.swift in Sources */,
				6578F46929B25E20005DF427 /* SearchCoctailByNameTableViewCell.swift in Sources */,
				65A837B229AD629D00F6FBFF /* IngredientsCoctailsListViewController.swift in Sources */,
				6594DF9A2996DE76005D0395 /* AppDelegate.swift in Sources */,
				65A837A429AD57F000F6FBFF /* SearchByIngredientsTableViewController.swift in Sources */,
				6594DFB02996E602005D0395 /* HomeVC.swift in Sources */,
				6584675529B8B1E400754914 /* IngredientVCTableViewController.swift in Sources */,
				6594DF9C2996DE76005D0395 /* SceneDelegate.swift in Sources */,
				6538E69329C1F0670047CD12 /* FavoritesViewController.swift in Sources */,
				6594DFB22996E633005D0395 /* CoctailsVC.swift in Sources */,
				650A86AF299ADE6E0026DA07 /* SelectedPopularCoctailVC.swift in Sources */,
				6578F46D29B25EC9005DF427 /* SearchCocktailByNameTableViewController.swift in Sources */,
				65B26C40299A9FAD00DCDFF6 /* PopularCoctailsCollectionViewCell.swift in Sources */,
				65A837AA29AD5DE100F6FBFF /* IngredientsForSearch.swift in Sources */,
				6594AC9829A011CD00101756 /* CocktailsStructures.swift in Sources */,
			);
			runOnlyForDeploymentPostprocessing = 0;
		};
/* End PBXSourcesBuildPhase section */

/* Begin PBXVariantGroup section */
		6594DF9F2996DE76005D0395 /* Main.storyboard */ = {
			isa = PBXVariantGroup;
			children = (
				6594DFA02996DE76005D0395 /* Base */,
			);
			name = Main.storyboard;
			sourceTree = "<group>";
		};
		6594DFA42996DE77005D0395 /* LaunchScreen.storyboard */ = {
			isa = PBXVariantGroup;
			children = (
				6594DFA52996DE77005D0395 /* Base */,
			);
			name = LaunchScreen.storyboard;
			sourceTree = "<group>";
		};
/* End PBXVariantGroup section */

/* Begin XCBuildConfiguration section */
		6594DFA82996DE77005D0395 /* Debug */ = {
			isa = XCBuildConfiguration;
			buildSettings = {
				ALWAYS_SEARCH_USER_PATHS = NO;
				CLANG_ANALYZER_NONNULL = YES;
				CLANG_ANALYZER_NUMBER_OBJECT_CONVERSION = YES_AGGRESSIVE;
				CLANG_CXX_LANGUAGE_STANDARD = "gnu++20";
				CLANG_ENABLE_MODULES = YES;
				CLANG_ENABLE_OBJC_ARC = YES;
				CLANG_ENABLE_OBJC_WEAK = YES;
				CLANG_WARN_BLOCK_CAPTURE_AUTORELEASING = YES;
				CLANG_WARN_BOOL_CONVERSION = YES;
				CLANG_WARN_COMMA = YES;
				CLANG_WARN_CONSTANT_CONVERSION = YES;
				CLANG_WARN_DEPRECATED_OBJC_IMPLEMENTATIONS = YES;
				CLANG_WARN_DIRECT_OBJC_ISA_USAGE = YES_ERROR;
				CLANG_WARN_DOCUMENTATION_COMMENTS = YES;
				CLANG_WARN_EMPTY_BODY = YES;
				CLANG_WARN_ENUM_CONVERSION = YES;
				CLANG_WARN_INFINITE_RECURSION = YES;
				CLANG_WARN_INT_CONVERSION = YES;
				CLANG_WARN_NON_LITERAL_NULL_CONVERSION = YES;
				CLANG_WARN_OBJC_IMPLICIT_RETAIN_SELF = YES;
				CLANG_WARN_OBJC_LITERAL_CONVERSION = YES;
				CLANG_WARN_OBJC_ROOT_CLASS = YES_ERROR;
				CLANG_WARN_QUOTED_INCLUDE_IN_FRAMEWORK_HEADER = YES;
				CLANG_WARN_RANGE_LOOP_ANALYSIS = YES;
				CLANG_WARN_STRICT_PROTOTYPES = YES;
				CLANG_WARN_SUSPICIOUS_MOVE = YES;
				CLANG_WARN_UNGUARDED_AVAILABILITY = YES_AGGRESSIVE;
				CLANG_WARN_UNREACHABLE_CODE = YES;
				CLANG_WARN__DUPLICATE_METHOD_MATCH = YES;
				COPY_PHASE_STRIP = NO;
				DEBUG_INFORMATION_FORMAT = dwarf;
				ENABLE_STRICT_OBJC_MSGSEND = YES;
				ENABLE_TESTABILITY = YES;
				GCC_C_LANGUAGE_STANDARD = gnu11;
				GCC_DYNAMIC_NO_PIC = NO;
				GCC_NO_COMMON_BLOCKS = YES;
				GCC_OPTIMIZATION_LEVEL = 0;
				GCC_PREPROCESSOR_DEFINITIONS = (
					"DEBUG=1",
					"$(inherited)",
				);
				GCC_WARN_64_TO_32_BIT_CONVERSION = YES;
				GCC_WARN_ABOUT_RETURN_TYPE = YES_ERROR;
				GCC_WARN_UNDECLARED_SELECTOR = YES;
				GCC_WARN_UNINITIALIZED_AUTOS = YES_AGGRESSIVE;
				GCC_WARN_UNUSED_FUNCTION = YES;
				GCC_WARN_UNUSED_VARIABLE = YES;
				IPHONEOS_DEPLOYMENT_TARGET = 16.2;
				MTL_ENABLE_DEBUG_INFO = INCLUDE_SOURCE;
				MTL_FAST_MATH = YES;
				ONLY_ACTIVE_ARCH = YES;
				SDKROOT = iphoneos;
				SWIFT_ACTIVE_COMPILATION_CONDITIONS = DEBUG;
				SWIFT_OPTIMIZATION_LEVEL = "-Onone";
			};
			name = Debug;
		};
		6594DFA92996DE77005D0395 /* Release */ = {
			isa = XCBuildConfiguration;
			buildSettings = {
				ALWAYS_SEARCH_USER_PATHS = NO;
				CLANG_ANALYZER_NONNULL = YES;
				CLANG_ANALYZER_NUMBER_OBJECT_CONVERSION = YES_AGGRESSIVE;
				CLANG_CXX_LANGUAGE_STANDARD = "gnu++20";
				CLANG_ENABLE_MODULES = YES;
				CLANG_ENABLE_OBJC_ARC = YES;
				CLANG_ENABLE_OBJC_WEAK = YES;
				CLANG_WARN_BLOCK_CAPTURE_AUTORELEASING = YES;
				CLANG_WARN_BOOL_CONVERSION = YES;
				CLANG_WARN_COMMA = YES;
				CLANG_WARN_CONSTANT_CONVERSION = YES;
				CLANG_WARN_DEPRECATED_OBJC_IMPLEMENTATIONS = YES;
				CLANG_WARN_DIRECT_OBJC_ISA_USAGE = YES_ERROR;
				CLANG_WARN_DOCUMENTATION_COMMENTS = YES;
				CLANG_WARN_EMPTY_BODY = YES;
				CLANG_WARN_ENUM_CONVERSION = YES;
				CLANG_WARN_INFINITE_RECURSION = YES;
				CLANG_WARN_INT_CONVERSION = YES;
				CLANG_WARN_NON_LITERAL_NULL_CONVERSION = YES;
				CLANG_WARN_OBJC_IMPLICIT_RETAIN_SELF = YES;
				CLANG_WARN_OBJC_LITERAL_CONVERSION = YES;
				CLANG_WARN_OBJC_ROOT_CLASS = YES_ERROR;
				CLANG_WARN_QUOTED_INCLUDE_IN_FRAMEWORK_HEADER = YES;
				CLANG_WARN_RANGE_LOOP_ANALYSIS = YES;
				CLANG_WARN_STRICT_PROTOTYPES = YES;
				CLANG_WARN_SUSPICIOUS_MOVE = YES;
				CLANG_WARN_UNGUARDED_AVAILABILITY = YES_AGGRESSIVE;
				CLANG_WARN_UNREACHABLE_CODE = YES;
				CLANG_WARN__DUPLICATE_METHOD_MATCH = YES;
				COPY_PHASE_STRIP = NO;
				DEBUG_INFORMATION_FORMAT = "dwarf-with-dsym";
				ENABLE_NS_ASSERTIONS = NO;
				ENABLE_STRICT_OBJC_MSGSEND = YES;
				GCC_C_LANGUAGE_STANDARD = gnu11;
				GCC_NO_COMMON_BLOCKS = YES;
				GCC_WARN_64_TO_32_BIT_CONVERSION = YES;
				GCC_WARN_ABOUT_RETURN_TYPE = YES_ERROR;
				GCC_WARN_UNDECLARED_SELECTOR = YES;
				GCC_WARN_UNINITIALIZED_AUTOS = YES_AGGRESSIVE;
				GCC_WARN_UNUSED_FUNCTION = YES;
				GCC_WARN_UNUSED_VARIABLE = YES;
				IPHONEOS_DEPLOYMENT_TARGET = 16.2;
				MTL_ENABLE_DEBUG_INFO = NO;
				MTL_FAST_MATH = YES;
				SDKROOT = iphoneos;
				SWIFT_COMPILATION_MODE = wholemodule;
				SWIFT_OPTIMIZATION_LEVEL = "-O";
				VALIDATE_PRODUCT = YES;
			};
			name = Release;
		};
		6594DFAB2996DE77005D0395 /* Debug */ = {
			isa = XCBuildConfiguration;
			baseConfigurationReference = 2EDBC3D18674D3BA0ABF6009 /* Pods-Drinkz.debug.xcconfig */;
			buildSettings = {
				ASSETCATALOG_COMPILER_APPICON_NAME = AppIcon;
				ASSETCATALOG_COMPILER_GLOBAL_ACCENT_COLOR_NAME = AccentColor;
				CODE_SIGN_STYLE = Automatic;
				CURRENT_PROJECT_VERSION = 1;
				DEVELOPMENT_TEAM = AXTGJUAKTL;
				GENERATE_INFOPLIST_FILE = YES;
				INFOPLIST_FILE = Drinkz/Info.plist;
				INFOPLIST_KEY_UIApplicationSupportsIndirectInputEvents = YES;
				INFOPLIST_KEY_UILaunchStoryboardName = LaunchScreen;
				INFOPLIST_KEY_UIMainStoryboardFile = Main;
				INFOPLIST_KEY_UISupportedInterfaceOrientations = UIInterfaceOrientationPortrait;
				INFOPLIST_KEY_UISupportedInterfaceOrientations_iPad = "UIInterfaceOrientationLandscapeLeft UIInterfaceOrientationLandscapeRight UIInterfaceOrientationPortrait UIInterfaceOrientationPortraitUpsideDown";
				IPHONEOS_DEPLOYMENT_TARGET = 16.0;
				LD_RUNPATH_SEARCH_PATHS = (
					"$(inherited)",
					"@executable_path/Frameworks",
				);
				MARKETING_VERSION = 1.0;
				PRODUCT_BUNDLE_IDENTIFIER = com.danielbogucki.Drinkz;
				PRODUCT_NAME = "$(TARGET_NAME)";
				SUPPORTED_PLATFORMS = "iphoneos iphonesimulator";
				SUPPORTS_MACCATALYST = NO;
				SUPPORTS_MAC_DESIGNED_FOR_IPHONE_IPAD = NO;
				SWIFT_EMIT_LOC_STRINGS = YES;
				SWIFT_VERSION = 5.0;
				TARGETED_DEVICE_FAMILY = "1,2";
			};
			name = Debug;
		};
		6594DFAC2996DE77005D0395 /* Release */ = {
			isa = XCBuildConfiguration;
			baseConfigurationReference = 8E999FFC9D4210FBCCB26E6E /* Pods-Drinkz.release.xcconfig */;
			buildSettings = {
				ASSETCATALOG_COMPILER_APPICON_NAME = AppIcon;
				ASSETCATALOG_COMPILER_GLOBAL_ACCENT_COLOR_NAME = AccentColor;
				CODE_SIGN_STYLE = Automatic;
				CURRENT_PROJECT_VERSION = 1;
				DEVELOPMENT_TEAM = AXTGJUAKTL;
				GENERATE_INFOPLIST_FILE = YES;
				INFOPLIST_FILE = Drinkz/Info.plist;
				INFOPLIST_KEY_UIApplicationSupportsIndirectInputEvents = YES;
				INFOPLIST_KEY_UILaunchStoryboardName = LaunchScreen;
				INFOPLIST_KEY_UIMainStoryboardFile = Main;
				INFOPLIST_KEY_UISupportedInterfaceOrientations = UIInterfaceOrientationPortrait;
				INFOPLIST_KEY_UISupportedInterfaceOrientations_iPad = "UIInterfaceOrientationLandscapeLeft UIInterfaceOrientationLandscapeRight UIInterfaceOrientationPortrait UIInterfaceOrientationPortraitUpsideDown";
				IPHONEOS_DEPLOYMENT_TARGET = 16.0;
				LD_RUNPATH_SEARCH_PATHS = (
					"$(inherited)",
					"@executable_path/Frameworks",
				);
				MARKETING_VERSION = 1.0;
				PRODUCT_BUNDLE_IDENTIFIER = com.danielbogucki.Drinkz;
				PRODUCT_NAME = "$(TARGET_NAME)";
				SUPPORTED_PLATFORMS = "iphoneos iphonesimulator";
				SUPPORTS_MACCATALYST = NO;
				SUPPORTS_MAC_DESIGNED_FOR_IPHONE_IPAD = NO;
				SWIFT_EMIT_LOC_STRINGS = YES;
				SWIFT_VERSION = 5.0;
				TARGETED_DEVICE_FAMILY = "1,2";
			};
			name = Release;
		};
/* End XCBuildConfiguration section */

/* Begin XCConfigurationList section */
		6594DF912996DE76005D0395 /* Build configuration list for PBXProject "Drinkz" */ = {
			isa = XCConfigurationList;
			buildConfigurations = (
				6594DFA82996DE77005D0395 /* Debug */,
				6594DFA92996DE77005D0395 /* Release */,
			);
			defaultConfigurationIsVisible = 0;
			defaultConfigurationName = Release;
		};
		6594DFAA2996DE77005D0395 /* Build configuration list for PBXNativeTarget "Drinkz" */ = {
			isa = XCConfigurationList;
			buildConfigurations = (
				6594DFAB2996DE77005D0395 /* Debug */,
				6594DFAC2996DE77005D0395 /* Release */,
			);
			defaultConfigurationIsVisible = 0;
			defaultConfigurationName = Release;
		};
/* End XCConfigurationList section */
	};
	rootObject = 6594DF8E2996DE76005D0395 /* Project object */;
}
